// !$*UTF8*$!
{
	archiveVersion = 1;
	classes = {
	};
	objectVersion = 55;
	objects = {

/* Begin PBXBuildFile section */
		19344F2227AD425300262C51 /* spacexAllView.swift in Sources */ = {isa = PBXBuildFile; fileRef = 19344F2127AD425300262C51 /* spacexAllView.swift */; };
		19C80C8927AC477C00D6AAFC /* technicalTestApp.swift in Sources */ = {isa = PBXBuildFile; fileRef = 19C80C8827AC477C00D6AAFC /* technicalTestApp.swift */; };
		19C80C8B27AC477C00D6AAFC /* ContentView.swift in Sources */ = {isa = PBXBuildFile; fileRef = 19C80C8A27AC477C00D6AAFC /* ContentView.swift */; };
		19C80C8D27AC477D00D6AAFC /* Assets.xcassets in Resources */ = {isa = PBXBuildFile; fileRef = 19C80C8C27AC477D00D6AAFC /* Assets.xcassets */; };
		19C80C9027AC477D00D6AAFC /* Preview Assets.xcassets in Resources */ = {isa = PBXBuildFile; fileRef = 19C80C8F27AC477D00D6AAFC /* Preview Assets.xcassets */; };
		19C80C9D27AC484700D6AAFC /* webapi.swift in Sources */ = {isa = PBXBuildFile; fileRef = 19C80C9C27AC484700D6AAFC /* webapi.swift */; };
		19C80C9F27AC48D000D6AAFC /* spacexModel.swift in Sources */ = {isa = PBXBuildFile; fileRef = 19C80C9E27AC48D000D6AAFC /* spacexModel.swift */; };
		19C80CA127AC559800D6AAFC /* spacexLatestView.swift in Sources */ = {isa = PBXBuildFile; fileRef = 19C80CA027AC559800D6AAFC /* spacexLatestView.swift */; };
		19C80CA327AC55E800D6AAFC /* spacexRepository.swift in Sources */ = {isa = PBXBuildFile; fileRef = 19C80CA227AC55E800D6AAFC /* spacexRepository.swift */; };
		19C80CA527AC583A00D6AAFC /* GenericRepository.swift in Sources */ = {isa = PBXBuildFile; fileRef = 19C80CA427AC583A00D6AAFC /* GenericRepository.swift */; };
		19C80CAB27AC8CB300D6AAFC /* Alamofire in Frameworks */ = {isa = PBXBuildFile; productRef = 19C80CAA27AC8CB300D6AAFC /* Alamofire */; };
		19C80CAE27AC930900D6AAFC /* URLImage in Frameworks */ = {isa = PBXBuildFile; productRef = 19C80CAD27AC930900D6AAFC /* URLImage */; };
		19C80CB027AC930900D6AAFC /* URLImageStore in Frameworks */ = {isa = PBXBuildFile; productRef = 19C80CAF27AC930900D6AAFC /* URLImageStore */; };
/* End PBXBuildFile section */

/* Begin PBXFileReference section */
		19344F2127AD425300262C51 /* spacexAllView.swift */ = {isa = PBXFileReference; lastKnownFileType = sourcecode.swift; path = spacexAllView.swift; sourceTree = "<group>"; };
		19C80C8527AC477C00D6AAFC /* technicalTest.app */ = {isa = PBXFileReference; explicitFileType = wrapper.application; includeInIndex = 0; path = technicalTest.app; sourceTree = BUILT_PRODUCTS_DIR; };
		19C80C8827AC477C00D6AAFC /* technicalTestApp.swift */ = {isa = PBXFileReference; lastKnownFileType = sourcecode.swift; path = technicalTestApp.swift; sourceTree = "<group>"; };
		19C80C8A27AC477C00D6AAFC /* ContentView.swift */ = {isa = PBXFileReference; lastKnownFileType = sourcecode.swift; path = ContentView.swift; sourceTree = "<group>"; };
		19C80C8C27AC477D00D6AAFC /* Assets.xcassets */ = {isa = PBXFileReference; lastKnownFileType = folder.assetcatalog; path = Assets.xcassets; sourceTree = "<group>"; };
		19C80C8F27AC477D00D6AAFC /* Preview Assets.xcassets */ = {isa = PBXFileReference; lastKnownFileType = folder.assetcatalog; path = "Preview Assets.xcassets"; sourceTree = "<group>"; };
		19C80C9C27AC484700D6AAFC /* webapi.swift */ = {isa = PBXFileReference; lastKnownFileType = sourcecode.swift; path = webapi.swift; sourceTree = "<group>"; };
		19C80C9E27AC48D000D6AAFC /* spacexModel.swift */ = {isa = PBXFileReference; lastKnownFileType = sourcecode.swift; path = spacexModel.swift; sourceTree = "<group>"; };
		19C80CA027AC559800D6AAFC /* spacexLatestView.swift */ = {isa = PBXFileReference; lastKnownFileType = sourcecode.swift; path = spacexLatestView.swift; sourceTree = "<group>"; };
		19C80CA227AC55E800D6AAFC /* spacexRepository.swift */ = {isa = PBXFileReference; lastKnownFileType = sourcecode.swift; path = spacexRepository.swift; sourceTree = "<group>"; };
		19C80CA427AC583A00D6AAFC /* GenericRepository.swift */ = {isa = PBXFileReference; lastKnownFileType = sourcecode.swift; path = GenericRepository.swift; sourceTree = "<group>"; };
		19C80CA627AC7A4B00D6AAFC /* Info.plist */ = {isa = PBXFileReference; lastKnownFileType = text.plist; path = Info.plist; sourceTree = "<group>"; };
/* End PBXFileReference section */

/* Begin PBXFrameworksBuildPhase section */
		19C80C8227AC477C00D6AAFC /* Frameworks */ = {
			isa = PBXFrameworksBuildPhase;
			buildActionMask = 2147483647;
			files = (
				19C80CAE27AC930900D6AAFC /* URLImage in Frameworks */,
				19C80CB027AC930900D6AAFC /* URLImageStore in Frameworks */,
				19C80CAB27AC8CB300D6AAFC /* Alamofire in Frameworks */,
			);
			runOnlyForDeploymentPostprocessing = 0;
		};
/* End PBXFrameworksBuildPhase section */

/* Begin PBXGroup section */
		19C80C7C27AC477C00D6AAFC = {
			isa = PBXGroup;
			children = (
				19C80C8727AC477C00D6AAFC /* technicalTest */,
				19C80C8627AC477C00D6AAFC /* Products */,
			);
			sourceTree = "<group>";
		};
		19C80C8627AC477C00D6AAFC /* Products */ = {
			isa = PBXGroup;
			children = (
				19C80C8527AC477C00D6AAFC /* technicalTest.app */,
			);
			name = Products;
			sourceTree = "<group>";
		};
		19C80C8727AC477C00D6AAFC /* technicalTest */ = {
			isa = PBXGroup;
			children = (
				19C80CA627AC7A4B00D6AAFC /* Info.plist */,
				19C80C9B27AC482500D6AAFC /* repository */,
				19C80C9A27AC481D00D6AAFC /* config */,
				19C80C9927AC480500D6AAFC /* view */,
				19C80C9627AC47F600D6AAFC /* model */,
				19C80C8827AC477C00D6AAFC /* technicalTestApp.swift */,
				19C80C8A27AC477C00D6AAFC /* ContentView.swift */,
				19C80C8C27AC477D00D6AAFC /* Assets.xcassets */,
				19C80C8E27AC477D00D6AAFC /* Preview Content */,
			);
			path = technicalTest;
			sourceTree = "<group>";
		};
		19C80C8E27AC477D00D6AAFC /* Preview Content */ = {
			isa = PBXGroup;
			children = (
				19C80C8F27AC477D00D6AAFC /* Preview Assets.xcassets */,
			);
			path = "Preview Content";
			sourceTree = "<group>";
		};
		19C80C9627AC47F600D6AAFC /* model */ = {
			isa = PBXGroup;
			children = (
				19C80C9E27AC48D000D6AAFC /* spacexModel.swift */,
			);
			path = model;
			sourceTree = "<group>";
		};
		19C80C9927AC480500D6AAFC /* view */ = {
			isa = PBXGroup;
			children = (
				19C80CA027AC559800D6AAFC /* spacexLatestView.swift */,
				19344F2127AD425300262C51 /* spacexAllView.swift */,
			);
			path = view;
			sourceTree = "<group>";
		};
		19C80C9A27AC481D00D6AAFC /* config */ = {
			isa = PBXGroup;
			children = (
				19C80C9C27AC484700D6AAFC /* webapi.swift */,
			);
			path = config;
			sourceTree = "<group>";
		};
		19C80C9B27AC482500D6AAFC /* repository */ = {
			isa = PBXGroup;
			children = (
				19C80CA227AC55E800D6AAFC /* spacexRepository.swift */,
				19C80CA427AC583A00D6AAFC /* GenericRepository.swift */,
			);
			path = repository;
			sourceTree = "<group>";
		};
/* End PBXGroup section */

/* Begin PBXNativeTarget section */
		19C80C8427AC477C00D6AAFC /* technicalTest */ = {
			isa = PBXNativeTarget;
			buildConfigurationList = 19C80C9327AC477D00D6AAFC /* Build configuration list for PBXNativeTarget "technicalTest" */;
			buildPhases = (
				19C80C8127AC477C00D6AAFC /* Sources */,
				19C80C8227AC477C00D6AAFC /* Frameworks */,
				19C80C8327AC477C00D6AAFC /* Resources */,
			);
			buildRules = (
			);
			dependencies = (
			);
			name = technicalTest;
			packageProductDependencies = (
				19C80CAA27AC8CB300D6AAFC /* Alamofire */,
				19C80CAD27AC930900D6AAFC /* URLImage */,
				19C80CAF27AC930900D6AAFC /* URLImageStore */,
			);
			productName = technicalTest;
			productReference = 19C80C8527AC477C00D6AAFC /* technicalTest.app */;
			productType = "com.apple.product-type.application";
		};
/* End PBXNativeTarget section */

/* Begin PBXProject section */
		19C80C7D27AC477C00D6AAFC /* Project object */ = {
			isa = PBXProject;
			attributes = {
				BuildIndependentTargetsInParallel = 1;
				LastSwiftUpdateCheck = 1320;
				LastUpgradeCheck = 1320;
				TargetAttributes = {
					19C80C8427AC477C00D6AAFC = {
						CreatedOnToolsVersion = 13.2.1;
					};
				};
			};
			buildConfigurationList = 19C80C8027AC477C00D6AAFC /* Build configuration list for PBXProject "technicalTest" */;
			compatibilityVersion = "Xcode 13.0";
			developmentRegion = en;
			hasScannedForEncodings = 0;
			knownRegions = (
				en,
				Base,
			);
			mainGroup = 19C80C7C27AC477C00D6AAFC;
			packageReferences = (
				19C80CA927AC8CB300D6AAFC /* XCRemoteSwiftPackageReference "Alamofire" */,
				19C80CAC27AC930900D6AAFC /* XCRemoteSwiftPackageReference "url-image" */,
			);
			productRefGroup = 19C80C8627AC477C00D6AAFC /* Products */;
			projectDirPath = "";
			projectRoot = "";
			targets = (
				19C80C8427AC477C00D6AAFC /* technicalTest */,
			);
		};
/* End PBXProject section */

/* Begin PBXResourcesBuildPhase section */
		19C80C8327AC477C00D6AAFC /* Resources */ = {
			isa = PBXResourcesBuildPhase;
			buildActionMask = 2147483647;
			files = (
				19C80C9027AC477D00D6AAFC /* Preview Assets.xcassets in Resources */,
				19C80C8D27AC477D00D6AAFC /* Assets.xcassets in Resources */,
			);
			runOnlyForDeploymentPostprocessing = 0;
		};
/* End PBXResourcesBuildPhase section */

/* Begin PBXSourcesBuildPhase section */
		19C80C8127AC477C00D6AAFC /* Sources */ = {
			isa = PBXSourcesBuildPhase;
			buildActionMask = 2147483647;
			files = (
				19C80C8B27AC477C00D6AAFC /* ContentView.swift in Sources */,
				19C80C9F27AC48D000D6AAFC /* spacexModel.swift in Sources */,
				19C80C9D27AC484700D6AAFC /* webapi.swift in Sources */,
				19C80CA527AC583A00D6AAFC /* GenericRepository.swift in Sources */,
				19C80CA327AC55E800D6AAFC /* spacexRepository.swift in Sources */,
				19344F2227AD425300262C51 /* spacexAllView.swift in Sources */,
				19C80CA127AC559800D6AAFC /* spacexLatestView.swift in Sources */,
				19C80C8927AC477C00D6AAFC /* technicalTestApp.swift in Sources */,
			);
			runOnlyForDeploymentPostprocessing = 0;
		};
/* End PBXSourcesBuildPhase section */

/* Begin XCBuildConfiguration section */
		19C80C9127AC477D00D6AAFC /* Debug */ = {
			isa = XCBuildConfiguration;
			buildSettings = {
				ALWAYS_SEARCH_USER_PATHS = NO;
				CLANG_ANALYZER_NONNULL = YES;
				CLANG_ANALYZER_NUMBER_OBJECT_CONVERSION = YES_AGGRESSIVE;
				CLANG_CXX_LANGUAGE_STANDARD = "gnu++17";
				CLANG_CXX_LIBRARY = "libc++";
				CLANG_ENABLE_MODULES = YES;
				CLANG_ENABLE_OBJC_ARC = YES;
				CLANG_ENABLE_OBJC_WEAK = YES;
				CLANG_WARN_BLOCK_CAPTURE_AUTORELEASING = YES;
				CLANG_WARN_BOOL_CONVERSION = YES;
				CLANG_WARN_COMMA = YES;
				CLANG_WARN_CONSTANT_CONVERSION = YES;
				CLANG_WARN_DEPRECATED_OBJC_IMPLEMENTATIONS = YES;
				CLANG_WARN_DIRECT_OBJC_ISA_USAGE = YES_ERROR;
				CLANG_WARN_DOCUMENTATION_COMMENTS = YES;
				CLANG_WARN_EMPTY_BODY = YES;
				CLANG_WARN_ENUM_CONVERSION = YES;
				CLANG_WARN_INFINITE_RECURSION = YES;
				CLANG_WARN_INT_CONVERSION = YES;
				CLANG_WARN_NON_LITERAL_NULL_CONVERSION = YES;
				CLANG_WARN_OBJC_IMPLICIT_RETAIN_SELF = YES;
				CLANG_WARN_OBJC_LITERAL_CONVERSION = YES;
				CLANG_WARN_OBJC_ROOT_CLASS = YES_ERROR;
				CLANG_WARN_QUOTED_INCLUDE_IN_FRAMEWORK_HEADER = YES;
				CLANG_WARN_RANGE_LOOP_ANALYSIS = YES;
				CLANG_WARN_STRICT_PROTOTYPES = YES;
				CLANG_WARN_SUSPICIOUS_MOVE = YES;
				CLANG_WARN_UNGUARDED_AVAILABILITY = YES_AGGRESSIVE;
				CLANG_WARN_UNREACHABLE_CODE = YES;
				CLANG_WARN__DUPLICATE_METHOD_MATCH = YES;
				COPY_PHASE_STRIP = NO;
				DEBUG_INFORMATION_FORMAT = dwarf;
				ENABLE_STRICT_OBJC_MSGSEND = YES;
				ENABLE_TESTABILITY = YES;
				GCC_C_LANGUAGE_STANDARD = gnu11;
				GCC_DYNAMIC_NO_PIC = NO;
				GCC_NO_COMMON_BLOCKS = YES;
				GCC_OPTIMIZATION_LEVEL = 0;
				GCC_PREPROCESSOR_DEFINITIONS = (
					"DEBUG=1",
					"$(inherited)",
				);
				GCC_WARN_64_TO_32_BIT_CONVERSION = YES;
				GCC_WARN_ABOUT_RETURN_TYPE = YES_ERROR;
				GCC_WARN_UNDECLARED_SELECTOR = YES;
				GCC_WARN_UNINITIALIZED_AUTOS = YES_AGGRESSIVE;
				GCC_WARN_UNUSED_FUNCTION = YES;
				GCC_WARN_UNUSED_VARIABLE = YES;
				IPHONEOS_DEPLOYMENT_TARGET = 15.2;
				MTL_ENABLE_DEBUG_INFO = INCLUDE_SOURCE;
				MTL_FAST_MATH = YES;
				ONLY_ACTIVE_ARCH = YES;
				SDKROOT = iphoneos;
				SWIFT_ACTIVE_COMPILATION_CONDITIONS = DEBUG;
				SWIFT_OPTIMIZATION_LEVEL = "-Onone";
			};
			name = Debug;
		};
		19C80C9227AC477D00D6AAFC /* Release */ = {
			isa = XCBuildConfiguration;
			buildSettings = {
				ALWAYS_SEARCH_USER_PATHS = NO;
				CLANG_ANALYZER_NONNULL = YES;
				CLANG_ANALYZER_NUMBER_OBJECT_CONVERSION = YES_AGGRESSIVE;
				CLANG_CXX_LANGUAGE_STANDARD = "gnu++17";
				CLANG_CXX_LIBRARY = "libc++";
				CLANG_ENABLE_MODULES = YES;
				CLANG_ENABLE_OBJC_ARC = YES;
				CLANG_ENABLE_OBJC_WEAK = YES;
				CLANG_WARN_BLOCK_CAPTURE_AUTORELEASING = YES;
				CLANG_WARN_BOOL_CONVERSION = YES;
				CLANG_WARN_COMMA = YES;
				CLANG_WARN_CONSTANT_CONVERSION = YES;
				CLANG_WARN_DEPRECATED_OBJC_IMPLEMENTATIONS = YES;
				CLANG_WARN_DIRECT_OBJC_ISA_USAGE = YES_ERROR;
				CLANG_WARN_DOCUMENTATION_COMMENTS = YES;
				CLANG_WARN_EMPTY_BODY = YES;
				CLANG_WARN_ENUM_CONVERSION = YES;
				CLANG_WARN_INFINITE_RECURSION = YES;
				CLANG_WARN_INT_CONVERSION = YES;
				CLANG_WARN_NON_LITERAL_NULL_CONVERSION = YES;
				CLANG_WARN_OBJC_IMPLICIT_RETAIN_SELF = YES;
				CLANG_WARN_OBJC_LITERAL_CONVERSION = YES;
				CLANG_WARN_OBJC_ROOT_CLASS = YES_ERROR;
				CLANG_WARN_QUOTED_INCLUDE_IN_FRAMEWORK_HEADER = YES;
				CLANG_WARN_RANGE_LOOP_ANALYSIS = YES;
				CLANG_WARN_STRICT_PROTOTYPES = YES;
				CLANG_WARN_SUSPICIOUS_MOVE = YES;
				CLANG_WARN_UNGUARDED_AVAILABILITY = YES_AGGRESSIVE;
				CLANG_WARN_UNREACHABLE_CODE = YES;
				CLANG_WARN__DUPLICATE_METHOD_MATCH = YES;
				COPY_PHASE_STRIP = NO;
				DEBUG_INFORMATION_FORMAT = "dwarf-with-dsym";
				ENABLE_NS_ASSERTIONS = NO;
				ENABLE_STRICT_OBJC_MSGSEND = YES;
				GCC_C_LANGUAGE_STANDARD = gnu11;
				GCC_NO_COMMON_BLOCKS = YES;
				GCC_WARN_64_TO_32_BIT_CONVERSION = YES;
				GCC_WARN_ABOUT_RETURN_TYPE = YES_ERROR;
				GCC_WARN_UNDECLARED_SELECTOR = YES;
				GCC_WARN_UNINITIALIZED_AUTOS = YES_AGGRESSIVE;
				GCC_WARN_UNUSED_FUNCTION = YES;
				GCC_WARN_UNUSED_VARIABLE = YES;
				IPHONEOS_DEPLOYMENT_TARGET = 15.2;
				MTL_ENABLE_DEBUG_INFO = NO;
				MTL_FAST_MATH = YES;
				SDKROOT = iphoneos;
				SWIFT_COMPILATION_MODE = wholemodule;
				SWIFT_OPTIMIZATION_LEVEL = "-O";
				VALIDATE_PRODUCT = YES;
			};
			name = Release;
		};
		19C80C9427AC477D00D6AAFC /* Debug */ = {
			isa = XCBuildConfiguration;
			buildSettings = {
				ASSETCATALOG_COMPILER_APPICON_NAME = AppIcon;
				ASSETCATALOG_COMPILER_GLOBAL_ACCENT_COLOR_NAME = AccentColor;
				CODE_SIGN_STYLE = Automatic;
				CURRENT_PROJECT_VERSION = 1;
				DEVELOPMENT_ASSET_PATHS = "\"technicalTest/Preview Content\"";
				DEVELOPMENT_TEAM = BA6M3VZU3M;
				ENABLE_PREVIEWS = YES;
				GENERATE_INFOPLIST_FILE = YES;
				INFOPLIST_FILE = technicalTest/Info.plist;
				INFOPLIST_KEY_UIApplicationSceneManifest_Generation = YES;
				INFOPLIST_KEY_UIApplicationSupportsIndirectInputEvents = YES;
				INFOPLIST_KEY_UILaunchScreen_Generation = YES;
				INFOPLIST_KEY_UISupportedInterfaceOrientations_iPad = "UIInterfaceOrientationPortrait UIInterfaceOrientationPortraitUpsideDown UIInterfaceOrientationLandscapeLeft UIInterfaceOrientationLandscapeRight";
				INFOPLIST_KEY_UISupportedInterfaceOrientations_iPhone = "UIInterfaceOrientationPortrait UIInterfaceOrientationLandscapeLeft UIInterfaceOrientationLandscapeRight";
				LD_RUNPATH_SEARCH_PATHS = (
					"$(inherited)",
					"@executable_path/Frameworks",
				);
				MARKETING_VERSION = 1.0;
				PRODUCT_BUNDLE_IDENTIFIER = burakcakir.technicalTest;
				PRODUCT_NAME = "$(TARGET_NAME)";
				SWIFT_EMIT_LOC_STRINGS = YES;
				SWIFT_VERSION = 5.0;
				TARGETED_DEVICE_FAMILY = "1,2";
			};
			name = Debug;
		};
		19C80C9527AC477D00D6AAFC /* Release */ = {
			isa = XCBuildConfiguration;
			buildSettings = {
				ASSETCATALOG_COMPILER_APPICON_NAME = AppIcon;
				ASSETCATALOG_COMPILER_GLOBAL_ACCENT_COLOR_NAME = AccentColor;
				CODE_SIGN_STYLE = Automatic;
				CURRENT_PROJECT_VERSION = 1;
				DEVELOPMENT_ASSET_PATHS = "\"technicalTest/Preview Content\"";
				DEVELOPMENT_TEAM = BA6M3VZU3M;
				ENABLE_PREVIEWS = YES;
				GENERATE_INFOPLIST_FILE = YES;
				INFOPLIST_FILE = technicalTest/Info.plist;
				INFOPLIST_KEY_UIApplicationSceneManifest_Generation = YES;
				INFOPLIST_KEY_UIApplicationSupportsIndirectInputEvents = YES;
				INFOPLIST_KEY_UILaunchScreen_Generation = YES;
				INFOPLIST_KEY_UISupportedInterfaceOrientations_iPad = "UIInterfaceOrientationPortrait UIInterfaceOrientationPortraitUpsideDown UIInterfaceOrientationLandscapeLeft UIInterfaceOrientationLandscapeRight";
				INFOPLIST_KEY_UISupportedInterfaceOrientations_iPhone = "UIInterfaceOrientationPortrait UIInterfaceOrientationLandscapeLeft UIInterfaceOrientationLandscapeRight";
				LD_RUNPATH_SEARCH_PATHS = (
					"$(inherited)",
					"@executable_path/Frameworks",
				);
				MARKETING_VERSION = 1.0;
				PRODUCT_BUNDLE_IDENTIFIER = burakcakir.technicalTest;
				PRODUCT_NAME = "$(TARGET_NAME)";
				SWIFT_EMIT_LOC_STRINGS = YES;
				SWIFT_VERSION = 5.0;
				TARGETED_DEVICE_FAMILY = "1,2";
			};
			name = Release;
		};
/* End XCBuildConfiguration section */

/* Begin XCConfigurationList section */
		19C80C8027AC477C00D6AAFC /* Build configuration list for PBXProject "technicalTest" */ = {
			isa = XCConfigurationList;
			buildConfigurations = (
				19C80C9127AC477D00D6AAFC /* Debug */,
				19C80C9227AC477D00D6AAFC /* Release */,
			);
			defaultConfigurationIsVisible = 0;
			defaultConfigurationName = Release;
		};
		19C80C9327AC477D00D6AAFC /* Build configuration list for PBXNativeTarget "technicalTest" */ = {
			isa = XCConfigurationList;
			buildConfigurations = (
				19C80C9427AC477D00D6AAFC /* Debug */,
				19C80C9527AC477D00D6AAFC /* Release */,
			);
			defaultConfigurationIsVisible = 0;
			defaultConfigurationName = Release;
		};
/* End XCConfigurationList section */

/* Begin XCRemoteSwiftPackageReference section */
		19C80CA927AC8CB300D6AAFC /* XCRemoteSwiftPackageReference "Alamofire" */ = {
			isa = XCRemoteSwiftPackageReference;
			repositoryURL = "https://github.com/Alamofire/Alamofire.git";
			requirement = {
				branch = master;
				kind = branch;
			};
		};
		19C80CAC27AC930900D6AAFC /* XCRemoteSwiftPackageReference "url-image" */ = {
			isa = XCRemoteSwiftPackageReference;
			repositoryURL = "https://github.com/dmytro-anokhin/url-image";
			requirement = {
				kind = upToNextMajorVersion;
				minimumVersion = 3.0.0;
			};
		};
/* End XCRemoteSwiftPackageReference section */

/* Begin XCSwiftPackageProductDependency section */
		19C80CAA27AC8CB300D6AAFC /* Alamofire */ = {
			isa = XCSwiftPackageProductDependency;
			package = 19C80CA927AC8CB300D6AAFC /* XCRemoteSwiftPackageReference "Alamofire" */;
			productName = Alamofire;
		};
		19C80CAD27AC930900D6AAFC /* URLImage */ = {
			isa = XCSwiftPackageProductDependency;
			package = 19C80CAC27AC930900D6AAFC /* XCRemoteSwiftPackageReference "url-image" */;
			productName = URLImage;
		};
		19C80CAF27AC930900D6AAFC /* URLImageStore */ = {
			isa = XCSwiftPackageProductDependency;
			package = 19C80CAC27AC930900D6AAFC /* XCRemoteSwiftPackageReference "url-image" */;
			productName = URLImageStore;
		};
/* End XCSwiftPackageProductDependency section */
	};
	rootObject = 19C80C7D27AC477C00D6AAFC /* Project object */;
}
